
Microsoft Visual Studio Solution File, Format Version 12.00
# Visual Studio Version 16
VisualStudioVersion = 16.0.31229.75
MinimumVisualStudioVersion = 10.0.40219.1
Project("{8BC9CEB8-8B4A-11D0-8D11-00A0C91BC942}") = "parcialpociones", "parcialpociones.vcxproj", "{A75F0228-976B-411E-8F70-030C04664CFA}"
EndProject
Global
	GlobalSection(SolutionConfigurationPlatforms) = preSolution
		Debug|x64 = Debug|x64
		Debug|x86 = Debug|x86
		Release|x64 = Release|x64
		Release|x86 = Release|x86
	EndGlobalSection
	GlobalSection(ProjectConfigurationPlatforms) = postSolution
		{A75F0228-976B-411E-8F70-030C04664CFA}.Debug|x64.ActiveCfg = Debug|x64
		{A75F0228-976B-411E-8F70-030C04664CFA}.Debug|x64.Build.0 = Debug|x64
		{A75F0228-976B-411E-8F70-030C04664CFA}.Debug|x86.ActiveCfg = Debug|Win32
		{A75F0228-976B-411E-8F70-030C04664CFA}.Debug|x86.Build.0 = Debug|Win32
		{A75F0228-976B-411E-8F70-030C04664CFA}.Release|x64.ActiveCfg = Release|x64
		{A75F0228-976B-411E-8F70-030C04664CFA}.Release|x64.Build.0 = Release|x64
		{A75F0228-976B-411E-8F70-030C04664CFA}.Release|x86.ActiveCfg = Release|Win32
		{A75F0228-976B-411E-8F70-030C04664CFA}.Release|x86.Build.0 = Release|Win32
	EndGlobalSection
	GlobalSection(SolutionProperties) = preSolution
		HideSolutionNode = FALSE
	EndGlobalSection
	GlobalSection(ExtensibilityGlobals) = postSolution
		SolutionGuid = {AB51CFB0-A099-4CDE-A4BA-71F4D243BC3E}
	EndGlobalSection
EndGlobal
